
Microsoft Visual Studio Solution File, Format Version 12.00
# Visual Studio 15
VisualStudioVersion = 15.0.27130.2027
MinimumVisualStudioVersion = 10.0.40219.1
Project("{9A19103F-16F7-4668-BE54-9A1E7A4F7556}") = "Djm.OGame.Web.Api", "src\Djm.OGame.Web.Api\Djm.OGame.Web.Api.csproj", "{3B3E4FD4-8E7E-45D6-9EFA-B1A2145B237E}"
EndProject
Project("{9A19103F-16F7-4668-BE54-9A1E7A4F7556}") = "OGame.Client", "src\OGame.Client\OGame.Client.csproj", "{74A74239-C3D3-4349-90C1-247CD119188C}"
EndProject
Project("{9A19103F-16F7-4668-BE54-9A1E7A4F7556}") = "Djm.OGame.Web.Api.BindingModels", "src\Djm.OGame.Web.Api.BindingModels\Djm.OGame.Web.Api.BindingModels.csproj", "{4AE1FB5A-E450-4165-BF60-72B1790A1FEF}"
EndProject
Project("{9A19103F-16F7-4668-BE54-9A1E7A4F7556}") = "Djm.OGame.Web.Api.Client", "src\Djm.OGame.Web.Api.Client\Djm.OGame.Web.Api.Client.csproj", "{909B8C7B-08ED-44B7-BE9E-FE17C9E40F71}"
EndProject
Project("{2150E333-8FDC-42A3-9474-1A3956D46DE8}") = "Djm.OGame", "Djm.OGame", "{0492B95B-5FBC-4F1E-B7EF-378CD4E688F9}"
EndProject
Project("{2150E333-8FDC-42A3-9474-1A3956D46DE8}") = "OGame", "OGame", "{8D3D1BE5-B74F-4D44-A97C-8202129D102F}"
EndProject
Project("{FAE04EC0-301F-11D3-BF4B-00C04F79EFBC}") = "OGameTestFront", "OGameTestFront\OGameTestFront.csproj", "{CE8A9620-083B-4205-8613-F315FC7AD2F9}"
EndProject
Project("{9A19103F-16F7-4668-BE54-9A1E7A4F7556}") = "OGame.Client.Sample", "sample\OGame.Client.Sample\OGame.Client.Sample.csproj", "{EE704522-A4D1-419D-8317-4A40EC7B7BD6}"
EndProject
Project("{2150E333-8FDC-42A3-9474-1A3956D46DE8}") = "src", "src", "{24A92ED8-BB8F-4E64-9581-D738B9246673}"
EndProject
Project("{2150E333-8FDC-42A3-9474-1A3956D46DE8}") = "tests", "tests", "{4E7E81B3-16E0-413F-9898-03E8AFEBC519}"
EndProject
Project("{2150E333-8FDC-42A3-9474-1A3956D46DE8}") = "samples", "samples", "{2A2247A8-E3FF-475D-B6D4-F718E9027433}"
EndProject
Project("{2150E333-8FDC-42A3-9474-1A3956D46DE8}") = "Djm.OGame", "Djm.OGame", "{B4D59447-31BD-4EC7-B767-607815F5B58E}"
EndProject
Project("{2150E333-8FDC-42A3-9474-1A3956D46DE8}") = "Djm.OGame", "Djm.OGame", "{45A7D976-9935-4AFE-92FA-C86FF1D275D0}"
EndProject
Project("{FAE04EC0-301F-11D3-BF4B-00C04F79EFBC}") = "Djm.OGame.Web.Api.Client.Tests", "test\Djm.OGame.Web.Api.Client.Tests\Djm.OGame.Web.Api.Client.Tests.csproj", "{4E807C37-19E6-494E-95DC-AD8B84D736AB}"
EndProject
Global
	GlobalSection(SolutionConfigurationPlatforms) = preSolution
		Debug|Any CPU = Debug|Any CPU
		Release|Any CPU = Release|Any CPU
	EndGlobalSection
	GlobalSection(ProjectConfigurationPlatforms) = postSolution
		{3B3E4FD4-8E7E-45D6-9EFA-B1A2145B237E}.Debug|Any CPU.ActiveCfg = Debug|Any CPU
		{3B3E4FD4-8E7E-45D6-9EFA-B1A2145B237E}.Debug|Any CPU.Build.0 = Debug|Any CPU
		{3B3E4FD4-8E7E-45D6-9EFA-B1A2145B237E}.Release|Any CPU.ActiveCfg = Release|Any CPU
		{3B3E4FD4-8E7E-45D6-9EFA-B1A2145B237E}.Release|Any CPU.Build.0 = Release|Any CPU
		{74A74239-C3D3-4349-90C1-247CD119188C}.Debug|Any CPU.ActiveCfg = Debug|Any CPU
		{74A74239-C3D3-4349-90C1-247CD119188C}.Debug|Any CPU.Build.0 = Debug|Any CPU
		{74A74239-C3D3-4349-90C1-247CD119188C}.Release|Any CPU.ActiveCfg = Release|Any CPU
		{74A74239-C3D3-4349-90C1-247CD119188C}.Release|Any CPU.Build.0 = Release|Any CPU
		{4AE1FB5A-E450-4165-BF60-72B1790A1FEF}.Debug|Any CPU.ActiveCfg = Debug|Any CPU
		{4AE1FB5A-E450-4165-BF60-72B1790A1FEF}.Debug|Any CPU.Build.0 = Debug|Any CPU
		{4AE1FB5A-E450-4165-BF60-72B1790A1FEF}.Release|Any CPU.ActiveCfg = Release|Any CPU
		{4AE1FB5A-E450-4165-BF60-72B1790A1FEF}.Release|Any CPU.Build.0 = Release|Any CPU
		{909B8C7B-08ED-44B7-BE9E-FE17C9E40F71}.Debug|Any CPU.ActiveCfg = Debug|Any CPU
		{909B8C7B-08ED-44B7-BE9E-FE17C9E40F71}.Debug|Any CPU.Build.0 = Debug|Any CPU
		{909B8C7B-08ED-44B7-BE9E-FE17C9E40F71}.Release|Any CPU.ActiveCfg = Release|Any CPU
		{909B8C7B-08ED-44B7-BE9E-FE17C9E40F71}.Release|Any CPU.Build.0 = Release|Any CPU
		{CE8A9620-083B-4205-8613-F315FC7AD2F9}.Debug|Any CPU.ActiveCfg = Debug|Any CPU
		{CE8A9620-083B-4205-8613-F315FC7AD2F9}.Debug|Any CPU.Build.0 = Debug|Any CPU
		{CE8A9620-083B-4205-8613-F315FC7AD2F9}.Release|Any CPU.ActiveCfg = Release|Any CPU
		{CE8A9620-083B-4205-8613-F315FC7AD2F9}.Release|Any CPU.Build.0 = Release|Any CPU
		{EE704522-A4D1-419D-8317-4A40EC7B7BD6}.Debug|Any CPU.ActiveCfg = Debug|Any CPU
		{EE704522-A4D1-419D-8317-4A40EC7B7BD6}.Debug|Any CPU.Build.0 = Debug|Any CPU
		{EE704522-A4D1-419D-8317-4A40EC7B7BD6}.Release|Any CPU.ActiveCfg = Release|Any CPU
		{EE704522-A4D1-419D-8317-4A40EC7B7BD6}.Release|Any CPU.Build.0 = Release|Any CPU
		{4E807C37-19E6-494E-95DC-AD8B84D736AB}.Debug|Any CPU.ActiveCfg = Debug|Any CPU
		{4E807C37-19E6-494E-95DC-AD8B84D736AB}.Debug|Any CPU.Build.0 = Debug|Any CPU
		{4E807C37-19E6-494E-95DC-AD8B84D736AB}.Release|Any CPU.ActiveCfg = Release|Any CPU
		{4E807C37-19E6-494E-95DC-AD8B84D736AB}.Release|Any CPU.Build.0 = Release|Any CPU
	EndGlobalSection
	GlobalSection(SolutionProperties) = preSolution
		HideSolutionNode = FALSE
	EndGlobalSection
	GlobalSection(NestedProjects) = preSolution
		{3B3E4FD4-8E7E-45D6-9EFA-B1A2145B237E} = {0492B95B-5FBC-4F1E-B7EF-378CD4E688F9}
		{74A74239-C3D3-4349-90C1-247CD119188C} = {8D3D1BE5-B74F-4D44-A97C-8202129D102F}
		{4AE1FB5A-E450-4165-BF60-72B1790A1FEF} = {0492B95B-5FBC-4F1E-B7EF-378CD4E688F9}
		{909B8C7B-08ED-44B7-BE9E-FE17C9E40F71} = {0492B95B-5FBC-4F1E-B7EF-378CD4E688F9}
		{0492B95B-5FBC-4F1E-B7EF-378CD4E688F9} = {24A92ED8-BB8F-4E64-9581-D738B9246673}
		{8D3D1BE5-B74F-4D44-A97C-8202129D102F} = {24A92ED8-BB8F-4E64-9581-D738B9246673}
		{CE8A9620-083B-4205-8613-F315FC7AD2F9} = {B4D59447-31BD-4EC7-B767-607815F5B58E}
		{EE704522-A4D1-419D-8317-4A40EC7B7BD6} = {8D3D1BE5-B74F-4D44-A97C-8202129D102F}
		{B4D59447-31BD-4EC7-B767-607815F5B58E} = {2A2247A8-E3FF-475D-B6D4-F718E9027433}
		{45A7D976-9935-4AFE-92FA-C86FF1D275D0} = {4E7E81B3-16E0-413F-9898-03E8AFEBC519}
		{4E807C37-19E6-494E-95DC-AD8B84D736AB} = {45A7D976-9935-4AFE-92FA-C86FF1D275D0}
	EndGlobalSection
	GlobalSection(ExtensibilityGlobals) = postSolution
		SolutionGuid = {A5F0FDCE-E29F-457C-BADC-511FCD3F9DF9}
	EndGlobalSection
EndGlobal
